
Microsoft Visual Studio Solution File, Format Version 12.00
# Visual Studio Version 16
VisualStudioVersion = 16.0.30225.117
MinimumVisualStudioVersion = 10.0.40219.1
Project("{FAE04EC0-301F-11D3-BF4B-00C04F79EFBC}") = "HelloApp", "HelloApp\HelloApp.csproj", "{605D65FD-7C00-4F46-8BBF-89BA14DE7B24}"
EndProject
Project("{FAE04EC0-301F-11D3-BF4B-00C04F79EFBC}") = "IntegerType", "IntegerType\IntegerType.csproj", "{02DE019D-BDDA-468A-9AE5-CB8C9296480E}"
EndProject
Project("{FAE04EC0-301F-11D3-BF4B-00C04F79EFBC}") = "BoxingUnboxing", "BoxingUnboxing\BoxingUnboxing.csproj", "{A52400A6-F775-48B0-AF10-A1D0D6317485}"
EndProject
Project("{FAE04EC0-301F-11D3-BF4B-00C04F79EFBC}") = "IntegerConversion", "IntegerConversion\IntegerConversion.csproj", "{D055710C-AB3A-42B3-8B33-395269A4FCF3}"
EndProject
Project("{2150E333-8FDC-42A3-9474-1A3956D46DE8}") = "Chap03", "Chap03", "{A11B001D-CC50-4580-9700-5F45757D0B30}"
EndProject
Project("{2150E333-8FDC-42A3-9474-1A3956D46DE8}") = "Chap02", "Chap02", "{F9082340-C4A8-4CE4-94F9-F19E3141F17D}"
EndProject
Project("{FAE04EC0-301F-11D3-BF4B-00C04F79EFBC}") = "StringNumerConversion", "StringNumerConversion\StringNumerConversion.csproj", "{592184D4-01B5-44AB-B389-67294E1458A6}"
EndProject
Global
	GlobalSection(SolutionConfigurationPlatforms) = preSolution
		Debug|Any CPU = Debug|Any CPU
		Release|Any CPU = Release|Any CPU
	EndGlobalSection
	GlobalSection(ProjectConfigurationPlatforms) = postSolution
		{605D65FD-7C00-4F46-8BBF-89BA14DE7B24}.Debug|Any CPU.ActiveCfg = Debug|Any CPU
		{605D65FD-7C00-4F46-8BBF-89BA14DE7B24}.Debug|Any CPU.Build.0 = Debug|Any CPU
		{605D65FD-7C00-4F46-8BBF-89BA14DE7B24}.Release|Any CPU.ActiveCfg = Release|Any CPU
		{605D65FD-7C00-4F46-8BBF-89BA14DE7B24}.Release|Any CPU.Build.0 = Release|Any CPU
		{02DE019D-BDDA-468A-9AE5-CB8C9296480E}.Debug|Any CPU.ActiveCfg = Debug|Any CPU
		{02DE019D-BDDA-468A-9AE5-CB8C9296480E}.Debug|Any CPU.Build.0 = Debug|Any CPU
		{02DE019D-BDDA-468A-9AE5-CB8C9296480E}.Release|Any CPU.ActiveCfg = Release|Any CPU
		{02DE019D-BDDA-468A-9AE5-CB8C9296480E}.Release|Any CPU.Build.0 = Release|Any CPU
		{A52400A6-F775-48B0-AF10-A1D0D6317485}.Debug|Any CPU.ActiveCfg = Debug|Any CPU
		{A52400A6-F775-48B0-AF10-A1D0D6317485}.Debug|Any CPU.Build.0 = Debug|Any CPU
		{A52400A6-F775-48B0-AF10-A1D0D6317485}.Release|Any CPU.ActiveCfg = Release|Any CPU
		{A52400A6-F775-48B0-AF10-A1D0D6317485}.Release|Any CPU.Build.0 = Release|Any CPU
		{D055710C-AB3A-42B3-8B33-395269A4FCF3}.Debug|Any CPU.ActiveCfg = Debug|Any CPU
		{D055710C-AB3A-42B3-8B33-395269A4FCF3}.Debug|Any CPU.Build.0 = Debug|Any CPU
		{D055710C-AB3A-42B3-8B33-395269A4FCF3}.Release|Any CPU.ActiveCfg = Release|Any CPU
		{D055710C-AB3A-42B3-8B33-395269A4FCF3}.Release|Any CPU.Build.0 = Release|Any CPU
		{592184D4-01B5-44AB-B389-67294E1458A6}.Debug|Any CPU.ActiveCfg = Debug|Any CPU
		{592184D4-01B5-44AB-B389-67294E1458A6}.Debug|Any CPU.Build.0 = Debug|Any CPU
		{592184D4-01B5-44AB-B389-67294E1458A6}.Release|Any CPU.ActiveCfg = Release|Any CPU
		{592184D4-01B5-44AB-B389-67294E1458A6}.Release|Any CPU.Build.0 = Release|Any CPU
	EndGlobalSection
	GlobalSection(SolutionProperties) = preSolution
		HideSolutionNode = FALSE
	EndGlobalSection
	GlobalSection(NestedProjects) = preSolution
		{605D65FD-7C00-4F46-8BBF-89BA14DE7B24} = {F9082340-C4A8-4CE4-94F9-F19E3141F17D}
		{02DE019D-BDDA-468A-9AE5-CB8C9296480E} = {A11B001D-CC50-4580-9700-5F45757D0B30}
		{A52400A6-F775-48B0-AF10-A1D0D6317485} = {A11B001D-CC50-4580-9700-5F45757D0B30}
		{D055710C-AB3A-42B3-8B33-395269A4FCF3} = {A11B001D-CC50-4580-9700-5F45757D0B30}
		{592184D4-01B5-44AB-B389-67294E1458A6} = {A11B001D-CC50-4580-9700-5F45757D0B30}
	EndGlobalSection
	GlobalSection(ExtensibilityGlobals) = postSolution
		SolutionGuid = {8B9D4CCF-09FB-4920-A24A-9070AA8C7D60}
	EndGlobalSection
EndGlobal
