
Microsoft Visual Studio Solution File, Format Version 12.00
# Visual Studio Version 16
VisualStudioVersion = 16.0.30225.117
MinimumVisualStudioVersion = 10.0.40219.1
Project("{FAE04EC0-301F-11D3-BF4B-00C04F79EFBC}") = "HelloApp", "HelloApp\HelloApp.csproj", "{605D65FD-7C00-4F46-8BBF-89BA14DE7B24}"
EndProject
Project("{FAE04EC0-301F-11D3-BF4B-00C04F79EFBC}") = "IntegerType", "IntegerType\IntegerType.csproj", "{02DE019D-BDDA-468A-9AE5-CB8C9296480E}"
EndProject
Project("{FAE04EC0-301F-11D3-BF4B-00C04F79EFBC}") = "BoxingUnboxing", "BoxingUnboxing\BoxingUnboxing.csproj", "{A52400A6-F775-48B0-AF10-A1D0D6317485}"
EndProject
Project("{FAE04EC0-301F-11D3-BF4B-00C04F79EFBC}") = "IntegerConversion", "IntegerConversion\IntegerConversion.csproj", "{D055710C-AB3A-42B3-8B33-395269A4FCF3}"
EndProject
Project("{2150E333-8FDC-42A3-9474-1A3956D46DE8}") = "Chap03", "Chap03", "{A11B001D-CC50-4580-9700-5F45757D0B30}"
EndProject
Project("{2150E333-8FDC-42A3-9474-1A3956D46DE8}") = "Chap02", "Chap02", "{F9082340-C4A8-4CE4-94F9-F19E3141F17D}"
EndProject
Project("{9A19103F-16F7-4668-BE54-9A1E7A4F7556}") = "StringNumerConversion", "StringNumerConversion\StringNumerConversion.csproj", "{592184D4-01B5-44AB-B389-67294E1458A6}"
EndProject
Project("{FAE04EC0-301F-11D3-BF4B-00C04F79EFBC}") = "EnumApp", "EnumApp\EnumApp.csproj", "{D0A40443-D5A9-4862-85C5-C4D1686082DD}"
EndProject
Project("{FAE04EC0-301F-11D3-BF4B-00C04F79EFBC}") = "TestWinformApp", "TestWinformApp\TestWinformApp.csproj", "{C90DEDA8-4941-47A9-ADC1-7DA57B0E5469}"
EndProject
Project("{FAE04EC0-301F-11D3-BF4B-00C04F79EFBC}") = "NullableApp", "NullableApp\NullableApp.csproj", "{613854A0-2338-44FD-AE6A-8764011544CE}"
EndProject
Project("{2150E333-8FDC-42A3-9474-1A3956D46DE8}") = "Appendix A", "Appendix A", "{79A452F3-DD72-4A78-A20C-484869F93418}"
EndProject
Project("{FAE04EC0-301F-11D3-BF4B-00C04F79EFBC}") = "StringSearchApp", "StringSearchApp\StringSearchApp.csproj", "{B1A8FF47-635C-4B3B-B154-7FBD9192B30D}"
EndProject
Project("{2150E333-8FDC-42A3-9474-1A3956D46DE8}") = "Chap05", "Chap05", "{547EDD3E-C610-4F53-B5C4-2A7A89E45AD8}"
EndProject
Project("{FAE04EC0-301F-11D3-BF4B-00C04F79EFBC}") = "IfElseApp", "IfElseApp\IfElseApp.csproj", "{A9780377-B32C-4804-896A-1B142C968D84}"
EndProject
Project("{FAE04EC0-301F-11D3-BF4B-00C04F79EFBC}") = "SwitchCaseApp", "SwitchCaseApp\SwitchCaseApp.csproj", "{DD6E65F5-08CF-43DC-935D-5FB67174105A}"
EndProject
Project("{FAE04EC0-301F-11D3-BF4B-00C04F79EFBC}") = "WhileApp", "WhileApp\WhileApp.csproj", "{0D1C01B9-0C69-47C0-8852-E48E410B655C}"
EndProject
Project("{2150E333-8FDC-42A3-9474-1A3956D46DE8}") = "Chap06", "Chap06", "{EDC00D3C-D071-4101-AFB1-29A5FA49514E}"
EndProject
Project("{FAE04EC0-301F-11D3-BF4B-00C04F79EFBC}") = "SwapByValue", "SwapByValue\SwapByValue.csproj", "{CE8AE919-4E3F-416D-B128-A8155B4908EA}"
EndProject
Project("{FAE04EC0-301F-11D3-BF4B-00C04F79EFBC}") = "RefReturn", "RefReturn\RefReturn.csproj", "{A34715C8-AFC7-4021-B3C6-FDA4B6EBA3AB}"
EndProject
Project("{FAE04EC0-301F-11D3-BF4B-00C04F79EFBC}") = "UsingOut", "UsingOut\UsingOut.csproj", "{C108FBD7-A226-46FA-BEF0-786E081DCC53}"
EndProject
Project("{FAE04EC0-301F-11D3-BF4B-00C04F79EFBC}") = "Overloading", "Overloading\Overloading.csproj", "{0A245C52-48EC-40CC-9BDF-CD958FF18074}"
EndProject
Project("{FAE04EC0-301F-11D3-BF4B-00C04F79EFBC}") = "LocalFunction", "LocalFunction\LocalFunction.csproj", "{2F526464-76DE-4F77-B86D-350A635F58A4}"
EndProject
Project("{2150E333-8FDC-42A3-9474-1A3956D46DE8}") = "Chap07", "Chap07", "{DA2F2564-82E1-449B-AD32-F1F7617A7608}"
EndProject
Project("{FAE04EC0-301F-11D3-BF4B-00C04F79EFBC}") = "BasicClass", "BasicClass\BasicClass.csproj", "{A70B2C7A-AF74-4AEC-8790-D920ED70D213}"
EndProject
Project("{FAE04EC0-301F-11D3-BF4B-00C04F79EFBC}") = "StaticField", "StaticField\StaticField.csproj", "{6B279D9B-61CC-42D0-A738-81E7F2D16F58}"
EndProject
Project("{FAE04EC0-301F-11D3-BF4B-00C04F79EFBC}") = "DeepCopy", "DeepCopy\DeepCopy.csproj", "{5445E81B-C38E-456A-BE93-7AB7B1354F68}"
EndProject
Project("{FAE04EC0-301F-11D3-BF4B-00C04F79EFBC}") = "AccessModifier", "AccessModifier\AccessModifier.csproj", "{3ED71A1D-00B6-4997-ACAC-EF20C4888BC1}"
EndProject
Project("{FAE04EC0-301F-11D3-BF4B-00C04F79EFBC}") = "Inheritance", "Inheritance\Inheritance.csproj", "{621EFAEF-2200-44FA-A92D-D0408012B708}"
EndProject
Project("{FAE04EC0-301F-11D3-BF4B-00C04F79EFBC}") = "ClassTypeCasting", "ClassTypeCasting\ClassTypeCasting.csproj", "{EEE56A1B-D688-4C87-B961-19ACD59D4BC1}"
EndProject
Project("{FAE04EC0-301F-11D3-BF4B-00C04F79EFBC}") = "Overriding", "Overriding\Overriding.csproj", "{8F20F5CC-61E2-4084-ADD2-AB58A063DCA0}"
EndProject
Project("{FAE04EC0-301F-11D3-BF4B-00C04F79EFBC}") = "NestedClass", "NestedClass\NestedClass.csproj", "{9E360D1B-3C0D-44B2-81A3-BD78813387EF}"
EndProject
Project("{FAE04EC0-301F-11D3-BF4B-00C04F79EFBC}") = "ExtensionMethod", "ExtensionMethod\ExtensionMethod.csproj", "{6EA6A77C-3359-4E6E-AB7B-65544CF9C411}"
EndProject
Project("{FAE04EC0-301F-11D3-BF4B-00C04F79EFBC}") = "Structure", "Structure\Structure.csproj", "{631F0180-C42B-441B-960E-6A0EF2859360}"
EndProject
Project("{FAE04EC0-301F-11D3-BF4B-00C04F79EFBC}") = "Tuple", "Tuple\Tuple.csproj", "{849F7EBA-4AEF-4902-A285-7A0F291091A5}"
EndProject
Project("{2150E333-8FDC-42A3-9474-1A3956D46DE8}") = "Chap08", "Chap08", "{6B4A1F24-B3A5-4C25-ADEB-09558BDA43CF}"
EndProject
Project("{FAE04EC0-301F-11D3-BF4B-00C04F79EFBC}") = "Interface", "Interface\Interface.csproj", "{75A78080-39CD-4D34-90F2-531D3B6B6890}"
EndProject
Global
	GlobalSection(SolutionConfigurationPlatforms) = preSolution
		Debug|Any CPU = Debug|Any CPU
		Release|Any CPU = Release|Any CPU
	EndGlobalSection
	GlobalSection(ProjectConfigurationPlatforms) = postSolution
		{605D65FD-7C00-4F46-8BBF-89BA14DE7B24}.Debug|Any CPU.ActiveCfg = Debug|Any CPU
		{605D65FD-7C00-4F46-8BBF-89BA14DE7B24}.Debug|Any CPU.Build.0 = Debug|Any CPU
		{605D65FD-7C00-4F46-8BBF-89BA14DE7B24}.Release|Any CPU.ActiveCfg = Release|Any CPU
		{605D65FD-7C00-4F46-8BBF-89BA14DE7B24}.Release|Any CPU.Build.0 = Release|Any CPU
		{02DE019D-BDDA-468A-9AE5-CB8C9296480E}.Debug|Any CPU.ActiveCfg = Debug|Any CPU
		{02DE019D-BDDA-468A-9AE5-CB8C9296480E}.Debug|Any CPU.Build.0 = Debug|Any CPU
		{02DE019D-BDDA-468A-9AE5-CB8C9296480E}.Release|Any CPU.ActiveCfg = Release|Any CPU
		{02DE019D-BDDA-468A-9AE5-CB8C9296480E}.Release|Any CPU.Build.0 = Release|Any CPU
		{A52400A6-F775-48B0-AF10-A1D0D6317485}.Debug|Any CPU.ActiveCfg = Debug|Any CPU
		{A52400A6-F775-48B0-AF10-A1D0D6317485}.Debug|Any CPU.Build.0 = Debug|Any CPU
		{A52400A6-F775-48B0-AF10-A1D0D6317485}.Release|Any CPU.ActiveCfg = Release|Any CPU
		{A52400A6-F775-48B0-AF10-A1D0D6317485}.Release|Any CPU.Build.0 = Release|Any CPU
		{D055710C-AB3A-42B3-8B33-395269A4FCF3}.Debug|Any CPU.ActiveCfg = Debug|Any CPU
		{D055710C-AB3A-42B3-8B33-395269A4FCF3}.Debug|Any CPU.Build.0 = Debug|Any CPU
		{D055710C-AB3A-42B3-8B33-395269A4FCF3}.Release|Any CPU.ActiveCfg = Release|Any CPU
		{D055710C-AB3A-42B3-8B33-395269A4FCF3}.Release|Any CPU.Build.0 = Release|Any CPU
		{592184D4-01B5-44AB-B389-67294E1458A6}.Debug|Any CPU.ActiveCfg = Debug|Any CPU
		{592184D4-01B5-44AB-B389-67294E1458A6}.Debug|Any CPU.Build.0 = Debug|Any CPU
		{592184D4-01B5-44AB-B389-67294E1458A6}.Release|Any CPU.ActiveCfg = Release|Any CPU
		{592184D4-01B5-44AB-B389-67294E1458A6}.Release|Any CPU.Build.0 = Release|Any CPU
		{D0A40443-D5A9-4862-85C5-C4D1686082DD}.Debug|Any CPU.ActiveCfg = Debug|Any CPU
		{D0A40443-D5A9-4862-85C5-C4D1686082DD}.Debug|Any CPU.Build.0 = Debug|Any CPU
		{D0A40443-D5A9-4862-85C5-C4D1686082DD}.Release|Any CPU.ActiveCfg = Release|Any CPU
		{D0A40443-D5A9-4862-85C5-C4D1686082DD}.Release|Any CPU.Build.0 = Release|Any CPU
		{C90DEDA8-4941-47A9-ADC1-7DA57B0E5469}.Debug|Any CPU.ActiveCfg = Debug|Any CPU
		{C90DEDA8-4941-47A9-ADC1-7DA57B0E5469}.Debug|Any CPU.Build.0 = Debug|Any CPU
		{C90DEDA8-4941-47A9-ADC1-7DA57B0E5469}.Release|Any CPU.ActiveCfg = Release|Any CPU
		{C90DEDA8-4941-47A9-ADC1-7DA57B0E5469}.Release|Any CPU.Build.0 = Release|Any CPU
		{613854A0-2338-44FD-AE6A-8764011544CE}.Debug|Any CPU.ActiveCfg = Debug|Any CPU
		{613854A0-2338-44FD-AE6A-8764011544CE}.Debug|Any CPU.Build.0 = Debug|Any CPU
		{613854A0-2338-44FD-AE6A-8764011544CE}.Release|Any CPU.ActiveCfg = Release|Any CPU
		{613854A0-2338-44FD-AE6A-8764011544CE}.Release|Any CPU.Build.0 = Release|Any CPU
		{B1A8FF47-635C-4B3B-B154-7FBD9192B30D}.Debug|Any CPU.ActiveCfg = Debug|Any CPU
		{B1A8FF47-635C-4B3B-B154-7FBD9192B30D}.Debug|Any CPU.Build.0 = Debug|Any CPU
		{B1A8FF47-635C-4B3B-B154-7FBD9192B30D}.Release|Any CPU.ActiveCfg = Release|Any CPU
		{B1A8FF47-635C-4B3B-B154-7FBD9192B30D}.Release|Any CPU.Build.0 = Release|Any CPU
		{A9780377-B32C-4804-896A-1B142C968D84}.Debug|Any CPU.ActiveCfg = Debug|Any CPU
		{A9780377-B32C-4804-896A-1B142C968D84}.Debug|Any CPU.Build.0 = Debug|Any CPU
		{A9780377-B32C-4804-896A-1B142C968D84}.Release|Any CPU.ActiveCfg = Release|Any CPU
		{A9780377-B32C-4804-896A-1B142C968D84}.Release|Any CPU.Build.0 = Release|Any CPU
		{DD6E65F5-08CF-43DC-935D-5FB67174105A}.Debug|Any CPU.ActiveCfg = Debug|Any CPU
		{DD6E65F5-08CF-43DC-935D-5FB67174105A}.Debug|Any CPU.Build.0 = Debug|Any CPU
		{DD6E65F5-08CF-43DC-935D-5FB67174105A}.Release|Any CPU.ActiveCfg = Release|Any CPU
		{DD6E65F5-08CF-43DC-935D-5FB67174105A}.Release|Any CPU.Build.0 = Release|Any CPU
		{0D1C01B9-0C69-47C0-8852-E48E410B655C}.Debug|Any CPU.ActiveCfg = Debug|Any CPU
		{0D1C01B9-0C69-47C0-8852-E48E410B655C}.Debug|Any CPU.Build.0 = Debug|Any CPU
		{0D1C01B9-0C69-47C0-8852-E48E410B655C}.Release|Any CPU.ActiveCfg = Release|Any CPU
		{0D1C01B9-0C69-47C0-8852-E48E410B655C}.Release|Any CPU.Build.0 = Release|Any CPU
		{CE8AE919-4E3F-416D-B128-A8155B4908EA}.Debug|Any CPU.ActiveCfg = Debug|Any CPU
		{CE8AE919-4E3F-416D-B128-A8155B4908EA}.Debug|Any CPU.Build.0 = Debug|Any CPU
		{CE8AE919-4E3F-416D-B128-A8155B4908EA}.Release|Any CPU.ActiveCfg = Release|Any CPU
		{CE8AE919-4E3F-416D-B128-A8155B4908EA}.Release|Any CPU.Build.0 = Release|Any CPU
		{A34715C8-AFC7-4021-B3C6-FDA4B6EBA3AB}.Debug|Any CPU.ActiveCfg = Debug|Any CPU
		{A34715C8-AFC7-4021-B3C6-FDA4B6EBA3AB}.Debug|Any CPU.Build.0 = Debug|Any CPU
		{A34715C8-AFC7-4021-B3C6-FDA4B6EBA3AB}.Release|Any CPU.ActiveCfg = Release|Any CPU
		{A34715C8-AFC7-4021-B3C6-FDA4B6EBA3AB}.Release|Any CPU.Build.0 = Release|Any CPU
		{C108FBD7-A226-46FA-BEF0-786E081DCC53}.Debug|Any CPU.ActiveCfg = Debug|Any CPU
		{C108FBD7-A226-46FA-BEF0-786E081DCC53}.Debug|Any CPU.Build.0 = Debug|Any CPU
		{C108FBD7-A226-46FA-BEF0-786E081DCC53}.Release|Any CPU.ActiveCfg = Release|Any CPU
		{C108FBD7-A226-46FA-BEF0-786E081DCC53}.Release|Any CPU.Build.0 = Release|Any CPU
		{0A245C52-48EC-40CC-9BDF-CD958FF18074}.Debug|Any CPU.ActiveCfg = Debug|Any CPU
		{0A245C52-48EC-40CC-9BDF-CD958FF18074}.Debug|Any CPU.Build.0 = Debug|Any CPU
		{0A245C52-48EC-40CC-9BDF-CD958FF18074}.Release|Any CPU.ActiveCfg = Release|Any CPU
		{0A245C52-48EC-40CC-9BDF-CD958FF18074}.Release|Any CPU.Build.0 = Release|Any CPU
		{2F526464-76DE-4F77-B86D-350A635F58A4}.Debug|Any CPU.ActiveCfg = Debug|Any CPU
		{2F526464-76DE-4F77-B86D-350A635F58A4}.Debug|Any CPU.Build.0 = Debug|Any CPU
		{2F526464-76DE-4F77-B86D-350A635F58A4}.Release|Any CPU.ActiveCfg = Release|Any CPU
		{2F526464-76DE-4F77-B86D-350A635F58A4}.Release|Any CPU.Build.0 = Release|Any CPU
		{A70B2C7A-AF74-4AEC-8790-D920ED70D213}.Debug|Any CPU.ActiveCfg = Debug|Any CPU
		{A70B2C7A-AF74-4AEC-8790-D920ED70D213}.Debug|Any CPU.Build.0 = Debug|Any CPU
		{A70B2C7A-AF74-4AEC-8790-D920ED70D213}.Release|Any CPU.ActiveCfg = Release|Any CPU
		{A70B2C7A-AF74-4AEC-8790-D920ED70D213}.Release|Any CPU.Build.0 = Release|Any CPU
		{6B279D9B-61CC-42D0-A738-81E7F2D16F58}.Debug|Any CPU.ActiveCfg = Debug|Any CPU
		{6B279D9B-61CC-42D0-A738-81E7F2D16F58}.Debug|Any CPU.Build.0 = Debug|Any CPU
		{6B279D9B-61CC-42D0-A738-81E7F2D16F58}.Release|Any CPU.ActiveCfg = Release|Any CPU
		{6B279D9B-61CC-42D0-A738-81E7F2D16F58}.Release|Any CPU.Build.0 = Release|Any CPU
		{5445E81B-C38E-456A-BE93-7AB7B1354F68}.Debug|Any CPU.ActiveCfg = Debug|Any CPU
		{5445E81B-C38E-456A-BE93-7AB7B1354F68}.Debug|Any CPU.Build.0 = Debug|Any CPU
		{5445E81B-C38E-456A-BE93-7AB7B1354F68}.Release|Any CPU.ActiveCfg = Release|Any CPU
		{5445E81B-C38E-456A-BE93-7AB7B1354F68}.Release|Any CPU.Build.0 = Release|Any CPU
		{3ED71A1D-00B6-4997-ACAC-EF20C4888BC1}.Debug|Any CPU.ActiveCfg = Debug|Any CPU
		{3ED71A1D-00B6-4997-ACAC-EF20C4888BC1}.Debug|Any CPU.Build.0 = Debug|Any CPU
		{3ED71A1D-00B6-4997-ACAC-EF20C4888BC1}.Release|Any CPU.ActiveCfg = Release|Any CPU
		{3ED71A1D-00B6-4997-ACAC-EF20C4888BC1}.Release|Any CPU.Build.0 = Release|Any CPU
		{621EFAEF-2200-44FA-A92D-D0408012B708}.Debug|Any CPU.ActiveCfg = Debug|Any CPU
		{621EFAEF-2200-44FA-A92D-D0408012B708}.Debug|Any CPU.Build.0 = Debug|Any CPU
		{621EFAEF-2200-44FA-A92D-D0408012B708}.Release|Any CPU.ActiveCfg = Release|Any CPU
		{621EFAEF-2200-44FA-A92D-D0408012B708}.Release|Any CPU.Build.0 = Release|Any CPU
		{EEE56A1B-D688-4C87-B961-19ACD59D4BC1}.Debug|Any CPU.ActiveCfg = Debug|Any CPU
		{EEE56A1B-D688-4C87-B961-19ACD59D4BC1}.Debug|Any CPU.Build.0 = Debug|Any CPU
		{EEE56A1B-D688-4C87-B961-19ACD59D4BC1}.Release|Any CPU.ActiveCfg = Release|Any CPU
		{EEE56A1B-D688-4C87-B961-19ACD59D4BC1}.Release|Any CPU.Build.0 = Release|Any CPU
		{8F20F5CC-61E2-4084-ADD2-AB58A063DCA0}.Debug|Any CPU.ActiveCfg = Debug|Any CPU
		{8F20F5CC-61E2-4084-ADD2-AB58A063DCA0}.Debug|Any CPU.Build.0 = Debug|Any CPU
		{8F20F5CC-61E2-4084-ADD2-AB58A063DCA0}.Release|Any CPU.ActiveCfg = Release|Any CPU
		{8F20F5CC-61E2-4084-ADD2-AB58A063DCA0}.Release|Any CPU.Build.0 = Release|Any CPU
		{9E360D1B-3C0D-44B2-81A3-BD78813387EF}.Debug|Any CPU.ActiveCfg = Debug|Any CPU
		{9E360D1B-3C0D-44B2-81A3-BD78813387EF}.Debug|Any CPU.Build.0 = Debug|Any CPU
		{9E360D1B-3C0D-44B2-81A3-BD78813387EF}.Release|Any CPU.ActiveCfg = Release|Any CPU
		{9E360D1B-3C0D-44B2-81A3-BD78813387EF}.Release|Any CPU.Build.0 = Release|Any CPU
		{6EA6A77C-3359-4E6E-AB7B-65544CF9C411}.Debug|Any CPU.ActiveCfg = Debug|Any CPU
		{6EA6A77C-3359-4E6E-AB7B-65544CF9C411}.Debug|Any CPU.Build.0 = Debug|Any CPU
		{6EA6A77C-3359-4E6E-AB7B-65544CF9C411}.Release|Any CPU.ActiveCfg = Release|Any CPU
		{6EA6A77C-3359-4E6E-AB7B-65544CF9C411}.Release|Any CPU.Build.0 = Release|Any CPU
		{631F0180-C42B-441B-960E-6A0EF2859360}.Debug|Any CPU.ActiveCfg = Debug|Any CPU
		{631F0180-C42B-441B-960E-6A0EF2859360}.Debug|Any CPU.Build.0 = Debug|Any CPU
		{631F0180-C42B-441B-960E-6A0EF2859360}.Release|Any CPU.ActiveCfg = Release|Any CPU
		{631F0180-C42B-441B-960E-6A0EF2859360}.Release|Any CPU.Build.0 = Release|Any CPU
		{849F7EBA-4AEF-4902-A285-7A0F291091A5}.Debug|Any CPU.ActiveCfg = Debug|Any CPU
		{849F7EBA-4AEF-4902-A285-7A0F291091A5}.Debug|Any CPU.Build.0 = Debug|Any CPU
		{849F7EBA-4AEF-4902-A285-7A0F291091A5}.Release|Any CPU.ActiveCfg = Release|Any CPU
		{849F7EBA-4AEF-4902-A285-7A0F291091A5}.Release|Any CPU.Build.0 = Release|Any CPU
		{75A78080-39CD-4D34-90F2-531D3B6B6890}.Debug|Any CPU.ActiveCfg = Debug|Any CPU
		{75A78080-39CD-4D34-90F2-531D3B6B6890}.Debug|Any CPU.Build.0 = Debug|Any CPU
		{75A78080-39CD-4D34-90F2-531D3B6B6890}.Release|Any CPU.ActiveCfg = Release|Any CPU
		{75A78080-39CD-4D34-90F2-531D3B6B6890}.Release|Any CPU.Build.0 = Release|Any CPU
	EndGlobalSection
	GlobalSection(SolutionProperties) = preSolution
		HideSolutionNode = FALSE
	EndGlobalSection
	GlobalSection(NestedProjects) = preSolution
		{605D65FD-7C00-4F46-8BBF-89BA14DE7B24} = {F9082340-C4A8-4CE4-94F9-F19E3141F17D}
		{02DE019D-BDDA-468A-9AE5-CB8C9296480E} = {A11B001D-CC50-4580-9700-5F45757D0B30}
		{A52400A6-F775-48B0-AF10-A1D0D6317485} = {A11B001D-CC50-4580-9700-5F45757D0B30}
		{D055710C-AB3A-42B3-8B33-395269A4FCF3} = {A11B001D-CC50-4580-9700-5F45757D0B30}
		{592184D4-01B5-44AB-B389-67294E1458A6} = {A11B001D-CC50-4580-9700-5F45757D0B30}
		{D0A40443-D5A9-4862-85C5-C4D1686082DD} = {A11B001D-CC50-4580-9700-5F45757D0B30}
		{C90DEDA8-4941-47A9-ADC1-7DA57B0E5469} = {A11B001D-CC50-4580-9700-5F45757D0B30}
		{613854A0-2338-44FD-AE6A-8764011544CE} = {A11B001D-CC50-4580-9700-5F45757D0B30}
		{B1A8FF47-635C-4B3B-B154-7FBD9192B30D} = {79A452F3-DD72-4A78-A20C-484869F93418}
		{A9780377-B32C-4804-896A-1B142C968D84} = {547EDD3E-C610-4F53-B5C4-2A7A89E45AD8}
		{DD6E65F5-08CF-43DC-935D-5FB67174105A} = {547EDD3E-C610-4F53-B5C4-2A7A89E45AD8}
		{0D1C01B9-0C69-47C0-8852-E48E410B655C} = {547EDD3E-C610-4F53-B5C4-2A7A89E45AD8}
		{CE8AE919-4E3F-416D-B128-A8155B4908EA} = {EDC00D3C-D071-4101-AFB1-29A5FA49514E}
		{A34715C8-AFC7-4021-B3C6-FDA4B6EBA3AB} = {EDC00D3C-D071-4101-AFB1-29A5FA49514E}
		{C108FBD7-A226-46FA-BEF0-786E081DCC53} = {EDC00D3C-D071-4101-AFB1-29A5FA49514E}
		{0A245C52-48EC-40CC-9BDF-CD958FF18074} = {EDC00D3C-D071-4101-AFB1-29A5FA49514E}
		{2F526464-76DE-4F77-B86D-350A635F58A4} = {EDC00D3C-D071-4101-AFB1-29A5FA49514E}
		{A70B2C7A-AF74-4AEC-8790-D920ED70D213} = {DA2F2564-82E1-449B-AD32-F1F7617A7608}
		{6B279D9B-61CC-42D0-A738-81E7F2D16F58} = {DA2F2564-82E1-449B-AD32-F1F7617A7608}
		{5445E81B-C38E-456A-BE93-7AB7B1354F68} = {DA2F2564-82E1-449B-AD32-F1F7617A7608}
		{3ED71A1D-00B6-4997-ACAC-EF20C4888BC1} = {DA2F2564-82E1-449B-AD32-F1F7617A7608}
		{621EFAEF-2200-44FA-A92D-D0408012B708} = {DA2F2564-82E1-449B-AD32-F1F7617A7608}
		{EEE56A1B-D688-4C87-B961-19ACD59D4BC1} = {DA2F2564-82E1-449B-AD32-F1F7617A7608}
		{8F20F5CC-61E2-4084-ADD2-AB58A063DCA0} = {DA2F2564-82E1-449B-AD32-F1F7617A7608}
		{9E360D1B-3C0D-44B2-81A3-BD78813387EF} = {DA2F2564-82E1-449B-AD32-F1F7617A7608}
		{6EA6A77C-3359-4E6E-AB7B-65544CF9C411} = {DA2F2564-82E1-449B-AD32-F1F7617A7608}
		{631F0180-C42B-441B-960E-6A0EF2859360} = {DA2F2564-82E1-449B-AD32-F1F7617A7608}
		{849F7EBA-4AEF-4902-A285-7A0F291091A5} = {DA2F2564-82E1-449B-AD32-F1F7617A7608}
		{75A78080-39CD-4D34-90F2-531D3B6B6890} = {6B4A1F24-B3A5-4C25-ADEB-09558BDA43CF}
	EndGlobalSection
	GlobalSection(ExtensibilityGlobals) = postSolution
		SolutionGuid = {8B9D4CCF-09FB-4920-A24A-9070AA8C7D60}
	EndGlobalSection
EndGlobal
